// !$*UTF8*$!
{
	archiveVersion = 1;
	classes = {
	};
	objectVersion = 51;
	objects = {

/* Begin PBXBuildFile section */
		011F186D02C76DF319B8DDF1 /* Pods_parseExample_parseExampleUITests.framework in Frameworks */ = {isa = PBXBuildFile; fileRef = CC43A8A997A8C8DC86A029F3 /* Pods_parseExample_parseExampleUITests.framework */; };
		2B667B972694B03100792451 /* AppDelegate.m in Sources */ = {isa = PBXBuildFile; fileRef = 2B667B962694B03100792451 /* AppDelegate.m */; };
		2B667B9A2694B03100792451 /* SceneDelegate.m in Sources */ = {isa = PBXBuildFile; fileRef = 2B667B992694B03100792451 /* SceneDelegate.m */; };
		2B667BA02694B03100792451 /* Main.storyboard in Resources */ = {isa = PBXBuildFile; fileRef = 2B667B9E2694B03100792451 /* Main.storyboard */; };
		2B667BA22694B03300792451 /* Assets.xcassets in Resources */ = {isa = PBXBuildFile; fileRef = 2B667BA12694B03300792451 /* Assets.xcassets */; };
		2B667BA52694B03300792451 /* LaunchScreen.storyboard in Resources */ = {isa = PBXBuildFile; fileRef = 2B667BA32694B03300792451 /* LaunchScreen.storyboard */; };
		2B667BA82694B03300792451 /* main.m in Sources */ = {isa = PBXBuildFile; fileRef = 2B667BA72694B03300792451 /* main.m */; };
		2B667BB22694B03300792451 /* parseExampleTests.m in Sources */ = {isa = PBXBuildFile; fileRef = 2B667BB12694B03300792451 /* parseExampleTests.m */; };
		2B667BBD2694B03300792451 /* parseExampleUITests.m in Sources */ = {isa = PBXBuildFile; fileRef = 2B667BBC2694B03300792451 /* parseExampleUITests.m */; };
		2B667BCC2694B1CF00792451 /* LoginViewController.m in Sources */ = {isa = PBXBuildFile; fileRef = 2B667BCB2694B1CF00792451 /* LoginViewController.m */; };
		2B667BCF2694B90C00792451 /* ChatViewController.m in Sources */ = {isa = PBXBuildFile; fileRef = 2B667BCE2694B90C00792451 /* ChatViewController.m */; };
		2B667BD22694BD9600792451 /* ChatCell.m in Sources */ = {isa = PBXBuildFile; fileRef = 2B667BD12694BD9600792451 /* ChatCell.m */; };
		4EF559B897288EFF065C595F /* Pods_parseExample.framework in Frameworks */ = {isa = PBXBuildFile; fileRef = 485C6813F5091C2D333BEAFF /* Pods_parseExample.framework */; };
		E2C0482A1BB4DDFBA3763F39 /* Pods_parseExampleTests.framework in Frameworks */ = {isa = PBXBuildFile; fileRef = 29040B841265606A115E8736 /* Pods_parseExampleTests.framework */; };
/* End PBXBuildFile section */

/* Begin PBXContainerItemProxy section */
		2B667BAE2694B03300792451 /* PBXContainerItemProxy */ = {
			isa = PBXContainerItemProxy;
			containerPortal = 2B667B8A2694B03100792451 /* Project object */;
			proxyType = 1;
			remoteGlobalIDString = 2B667B912694B03100792451;
			remoteInfo = parseExample;
		};
		2B667BB92694B03300792451 /* PBXContainerItemProxy */ = {
			isa = PBXContainerItemProxy;
			containerPortal = 2B667B8A2694B03100792451 /* Project object */;
			proxyType = 1;
			remoteGlobalIDString = 2B667B912694B03100792451;
			remoteInfo = parseExample;
		};
/* End PBXContainerItemProxy section */

/* Begin PBXFileReference section */
		29040B841265606A115E8736 /* Pods_parseExampleTests.framework */ = {isa = PBXFileReference; explicitFileType = wrapper.framework; includeInIndex = 0; path = Pods_parseExampleTests.framework; sourceTree = BUILT_PRODUCTS_DIR; };
		2AF5992B673F2C30AEF8EE5A /* Pods-parseExample-parseExampleUITests.release.xcconfig */ = {isa = PBXFileReference; includeInIndex = 1; lastKnownFileType = text.xcconfig; name = "Pods-parseExample-parseExampleUITests.release.xcconfig"; path = "Target Support Files/Pods-parseExample-parseExampleUITests/Pods-parseExample-parseExampleUITests.release.xcconfig"; sourceTree = "<group>"; };
		2B667B922694B03100792451 /* parseExample.app */ = {isa = PBXFileReference; explicitFileType = wrapper.application; includeInIndex = 0; path = parseExample.app; sourceTree = BUILT_PRODUCTS_DIR; };
		2B667B952694B03100792451 /* AppDelegate.h */ = {isa = PBXFileReference; lastKnownFileType = sourcecode.c.h; path = AppDelegate.h; sourceTree = "<group>"; };
		2B667B962694B03100792451 /* AppDelegate.m */ = {isa = PBXFileReference; lastKnownFileType = sourcecode.c.objc; path = AppDelegate.m; sourceTree = "<group>"; };
		2B667B982694B03100792451 /* SceneDelegate.h */ = {isa = PBXFileReference; lastKnownFileType = sourcecode.c.h; path = SceneDelegate.h; sourceTree = "<group>"; };
		2B667B992694B03100792451 /* SceneDelegate.m */ = {isa = PBXFileReference; lastKnownFileType = sourcecode.c.objc; path = SceneDelegate.m; sourceTree = "<group>"; };
		2B667B9F2694B03100792451 /* Base */ = {isa = PBXFileReference; lastKnownFileType = file.storyboard; name = Base; path = Base.lproj/Main.storyboard; sourceTree = "<group>"; };
		2B667BA12694B03300792451 /* Assets.xcassets */ = {isa = PBXFileReference; lastKnownFileType = folder.assetcatalog; path = Assets.xcassets; sourceTree = "<group>"; };
		2B667BA42694B03300792451 /* Base */ = {isa = PBXFileReference; lastKnownFileType = file.storyboard; name = Base; path = Base.lproj/LaunchScreen.storyboard; sourceTree = "<group>"; };
		2B667BA62694B03300792451 /* Info.plist */ = {isa = PBXFileReference; lastKnownFileType = text.plist.xml; path = Info.plist; sourceTree = "<group>"; };
		2B667BA72694B03300792451 /* main.m */ = {isa = PBXFileReference; lastKnownFileType = sourcecode.c.objc; path = main.m; sourceTree = "<group>"; };
		2B667BAD2694B03300792451 /* parseExampleTests.xctest */ = {isa = PBXFileReference; explicitFileType = wrapper.cfbundle; includeInIndex = 0; path = parseExampleTests.xctest; sourceTree = BUILT_PRODUCTS_DIR; };
		2B667BB12694B03300792451 /* parseExampleTests.m */ = {isa = PBXFileReference; lastKnownFileType = sourcecode.c.objc; path = parseExampleTests.m; sourceTree = "<group>"; };
		2B667BB32694B03300792451 /* Info.plist */ = {isa = PBXFileReference; lastKnownFileType = text.plist.xml; path = Info.plist; sourceTree = "<group>"; };
		2B667BB82694B03300792451 /* parseExampleUITests.xctest */ = {isa = PBXFileReference; explicitFileType = wrapper.cfbundle; includeInIndex = 0; path = parseExampleUITests.xctest; sourceTree = BUILT_PRODUCTS_DIR; };
		2B667BBC2694B03300792451 /* parseExampleUITests.m */ = {isa = PBXFileReference; lastKnownFileType = sourcecode.c.objc; path = parseExampleUITests.m; sourceTree = "<group>"; };
		2B667BBE2694B03300792451 /* Info.plist */ = {isa = PBXFileReference; lastKnownFileType = text.plist.xml; path = Info.plist; sourceTree = "<group>"; };
		2B667BCA2694B1CF00792451 /* LoginViewController.h */ = {isa = PBXFileReference; lastKnownFileType = sourcecode.c.h; path = LoginViewController.h; sourceTree = "<group>"; };
		2B667BCB2694B1CF00792451 /* LoginViewController.m */ = {isa = PBXFileReference; lastKnownFileType = sourcecode.c.objc; path = LoginViewController.m; sourceTree = "<group>"; };
		2B667BCD2694B90C00792451 /* ChatViewController.h */ = {isa = PBXFileReference; lastKnownFileType = sourcecode.c.h; path = ChatViewController.h; sourceTree = "<group>"; };
		2B667BCE2694B90C00792451 /* ChatViewController.m */ = {isa = PBXFileReference; lastKnownFileType = sourcecode.c.objc; path = ChatViewController.m; sourceTree = "<group>"; };
		2B667BD02694BD9600792451 /* ChatCell.h */ = {isa = PBXFileReference; lastKnownFileType = sourcecode.c.h; path = ChatCell.h; sourceTree = "<group>"; };
		2B667BD12694BD9600792451 /* ChatCell.m */ = {isa = PBXFileReference; lastKnownFileType = sourcecode.c.objc; path = ChatCell.m; sourceTree = "<group>"; };
		485C6813F5091C2D333BEAFF /* Pods_parseExample.framework */ = {isa = PBXFileReference; explicitFileType = wrapper.framework; includeInIndex = 0; path = Pods_parseExample.framework; sourceTree = BUILT_PRODUCTS_DIR; };
		64BE0AA7A2AAB7E91B8C6ACF /* Pods-parseExample.debug.xcconfig */ = {isa = PBXFileReference; includeInIndex = 1; lastKnownFileType = text.xcconfig; name = "Pods-parseExample.debug.xcconfig"; path = "Target Support Files/Pods-parseExample/Pods-parseExample.debug.xcconfig"; sourceTree = "<group>"; };
		8523BA91B81DAD8FE635CF3E /* Pods-parseExampleTests.release.xcconfig */ = {isa = PBXFileReference; includeInIndex = 1; lastKnownFileType = text.xcconfig; name = "Pods-parseExampleTests.release.xcconfig"; path = "Target Support Files/Pods-parseExampleTests/Pods-parseExampleTests.release.xcconfig"; sourceTree = "<group>"; };
		CC43A8A997A8C8DC86A029F3 /* Pods_parseExample_parseExampleUITests.framework */ = {isa = PBXFileReference; explicitFileType = wrapper.framework; includeInIndex = 0; path = Pods_parseExample_parseExampleUITests.framework; sourceTree = BUILT_PRODUCTS_DIR; };
		F3457A76A3D697A866C12293 /* Pods-parseExampleTests.debug.xcconfig */ = {isa = PBXFileReference; includeInIndex = 1; lastKnownFileType = text.xcconfig; name = "Pods-parseExampleTests.debug.xcconfig"; path = "Target Support Files/Pods-parseExampleTests/Pods-parseExampleTests.debug.xcconfig"; sourceTree = "<group>"; };
		F3F76D61C3C52F54F99FC520 /* Pods-parseExample.release.xcconfig */ = {isa = PBXFileReference; includeInIndex = 1; lastKnownFileType = text.xcconfig; name = "Pods-parseExample.release.xcconfig"; path = "Target Support Files/Pods-parseExample/Pods-parseExample.release.xcconfig"; sourceTree = "<group>"; };
		FA0F79D82B9BFF23F9592F87 /* Pods-parseExample-parseExampleUITests.debug.xcconfig */ = {isa = PBXFileReference; includeInIndex = 1; lastKnownFileType = text.xcconfig; name = "Pods-parseExample-parseExampleUITests.debug.xcconfig"; path = "Target Support Files/Pods-parseExample-parseExampleUITests/Pods-parseExample-parseExampleUITests.debug.xcconfig"; sourceTree = "<group>"; };
/* End PBXFileReference section */

/* Begin PBXFrameworksBuildPhase section */
		2B667B8F2694B03100792451 /* Frameworks */ = {
			isa = PBXFrameworksBuildPhase;
			buildActionMask = 2147483647;
			files = (
				4EF559B897288EFF065C595F /* Pods_parseExample.framework in Frameworks */,
			);
			runOnlyForDeploymentPostprocessing = 0;
		};
		2B667BAA2694B03300792451 /* Frameworks */ = {
			isa = PBXFrameworksBuildPhase;
			buildActionMask = 2147483647;
			files = (
				E2C0482A1BB4DDFBA3763F39 /* Pods_parseExampleTests.framework in Frameworks */,
			);
			runOnlyForDeploymentPostprocessing = 0;
		};
		2B667BB52694B03300792451 /* Frameworks */ = {
			isa = PBXFrameworksBuildPhase;
			buildActionMask = 2147483647;
			files = (
				011F186D02C76DF319B8DDF1 /* Pods_parseExample_parseExampleUITests.framework in Frameworks */,
			);
			runOnlyForDeploymentPostprocessing = 0;
		};
/* End PBXFrameworksBuildPhase section */

/* Begin PBXGroup section */
		2B667B892694B03100792451 = {
			isa = PBXGroup;
			children = (
				2B667B942694B03100792451 /* parseExample */,
				2B667BB02694B03300792451 /* parseExampleTests */,
				2B667BBB2694B03300792451 /* parseExampleUITests */,
				2B667B932694B03100792451 /* Products */,
				4AE6723625166D61C73F0004 /* Pods */,
				EB83E047A7AB898524CC4094 /* Frameworks */,
			);
			sourceTree = "<group>";
		};
		2B667B932694B03100792451 /* Products */ = {
			isa = PBXGroup;
			children = (
				2B667B922694B03100792451 /* parseExample.app */,
				2B667BAD2694B03300792451 /* parseExampleTests.xctest */,
				2B667BB82694B03300792451 /* parseExampleUITests.xctest */,
			);
			name = Products;
			sourceTree = "<group>";
		};
		2B667B942694B03100792451 /* parseExample */ = {
			isa = PBXGroup;
			children = (
				2B667B952694B03100792451 /* AppDelegate.h */,
				2B667B962694B03100792451 /* AppDelegate.m */,
				2B667BCD2694B90C00792451 /* ChatViewController.h */,
				2B667BCE2694B90C00792451 /* ChatViewController.m */,
				2B667BCA2694B1CF00792451 /* LoginViewController.h */,
				2B667BCB2694B1CF00792451 /* LoginViewController.m */,
				2B667B982694B03100792451 /* SceneDelegate.h */,
				2B667B992694B03100792451 /* SceneDelegate.m */,
				2B667B9E2694B03100792451 /* Main.storyboard */,
				2B667BD02694BD9600792451 /* ChatCell.h */,
				2B667BD12694BD9600792451 /* ChatCell.m */,
				2B667BA12694B03300792451 /* Assets.xcassets */,
				2B667BA32694B03300792451 /* LaunchScreen.storyboard */,
				2B667BA62694B03300792451 /* Info.plist */,
				2B667BA72694B03300792451 /* main.m */,
			);
			path = parseExample;
			sourceTree = "<group>";
		};
		2B667BB02694B03300792451 /* parseExampleTests */ = {
			isa = PBXGroup;
			children = (
				2B667BB12694B03300792451 /* parseExampleTests.m */,
				2B667BB32694B03300792451 /* Info.plist */,
			);
			path = parseExampleTests;
			sourceTree = "<group>";
		};
		2B667BBB2694B03300792451 /* parseExampleUITests */ = {
			isa = PBXGroup;
			children = (
				2B667BBC2694B03300792451 /* parseExampleUITests.m */,
				2B667BBE2694B03300792451 /* Info.plist */,
			);
			path = parseExampleUITests;
			sourceTree = "<group>";
		};
		4AE6723625166D61C73F0004 /* Pods */ = {
			isa = PBXGroup;
			children = (
				64BE0AA7A2AAB7E91B8C6ACF /* Pods-parseExample.debug.xcconfig */,
				F3F76D61C3C52F54F99FC520 /* Pods-parseExample.release.xcconfig */,
				FA0F79D82B9BFF23F9592F87 /* Pods-parseExample-parseExampleUITests.debug.xcconfig */,
				2AF5992B673F2C30AEF8EE5A /* Pods-parseExample-parseExampleUITests.release.xcconfig */,
				F3457A76A3D697A866C12293 /* Pods-parseExampleTests.debug.xcconfig */,
				8523BA91B81DAD8FE635CF3E /* Pods-parseExampleTests.release.xcconfig */,
			);
			path = Pods;
			sourceTree = "<group>";
		};
		EB83E047A7AB898524CC4094 /* Frameworks */ = {
			isa = PBXGroup;
			children = (
				485C6813F5091C2D333BEAFF /* Pods_parseExample.framework */,
				CC43A8A997A8C8DC86A029F3 /* Pods_parseExample_parseExampleUITests.framework */,
				29040B841265606A115E8736 /* Pods_parseExampleTests.framework */,
			);
			name = Frameworks;
			sourceTree = "<group>";
		};
/* End PBXGroup section */

/* Begin PBXNativeTarget section */
		2B667B912694B03100792451 /* parseExample */ = {
			isa = PBXNativeTarget;
			buildConfigurationList = 2B667BC12694B03300792451 /* Build configuration list for PBXNativeTarget "parseExample" */;
			buildPhases = (
				93B6246FB93AA87ED9B45187 /* [CP] Check Pods Manifest.lock */,
				2B667B8E2694B03100792451 /* Sources */,
				2B667B8F2694B03100792451 /* Frameworks */,
				2B667B902694B03100792451 /* Resources */,
				17EF849A0466634255888B18 /* [CP] Embed Pods Frameworks */,
			);
			buildRules = (
			);
			dependencies = (
			);
			name = parseExample;
			productName = parseExample;
			productReference = 2B667B922694B03100792451 /* parseExample.app */;
			productType = "com.apple.product-type.application";
		};
		2B667BAC2694B03300792451 /* parseExampleTests */ = {
			isa = PBXNativeTarget;
			buildConfigurationList = 2B667BC42694B03300792451 /* Build configuration list for PBXNativeTarget "parseExampleTests" */;
			buildPhases = (
				2CB75D4E47D74545CA111A89 /* [CP] Check Pods Manifest.lock */,
				2B667BA92694B03300792451 /* Sources */,
				2B667BAA2694B03300792451 /* Frameworks */,
				2B667BAB2694B03300792451 /* Resources */,
			);
			buildRules = (
			);
			dependencies = (
				2B667BAF2694B03300792451 /* PBXTargetDependency */,
			);
			name = parseExampleTests;
			productName = parseExampleTests;
			productReference = 2B667BAD2694B03300792451 /* parseExampleTests.xctest */;
			productType = "com.apple.product-type.bundle.unit-test";
		};
		2B667BB72694B03300792451 /* parseExampleUITests */ = {
			isa = PBXNativeTarget;
			buildConfigurationList = 2B667BC72694B03300792451 /* Build configuration list for PBXNativeTarget "parseExampleUITests" */;
			buildPhases = (
				AED3BBD27EA5896DC1304CC4 /* [CP] Check Pods Manifest.lock */,
				2B667BB42694B03300792451 /* Sources */,
				2B667BB52694B03300792451 /* Frameworks */,
				2B667BB62694B03300792451 /* Resources */,
				6F4524CBCA50A97F9CAFB4EB /* [CP] Embed Pods Frameworks */,
			);
			buildRules = (
			);
			dependencies = (
				2B667BBA2694B03300792451 /* PBXTargetDependency */,
			);
			name = parseExampleUITests;
			productName = parseExampleUITests;
			productReference = 2B667BB82694B03300792451 /* parseExampleUITests.xctest */;
			productType = "com.apple.product-type.bundle.ui-testing";
		};
/* End PBXNativeTarget section */

/* Begin PBXProject section */
		2B667B8A2694B03100792451 /* Project object */ = {
			isa = PBXProject;
			attributes = {
				LastUpgradeCheck = 1250;
				TargetAttributes = {
					2B667B912694B03100792451 = {
						CreatedOnToolsVersion = 12.5.1;
					};
					2B667BAC2694B03300792451 = {
						CreatedOnToolsVersion = 12.5.1;
						TestTargetID = 2B667B912694B03100792451;
					};
					2B667BB72694B03300792451 = {
						CreatedOnToolsVersion = 12.5.1;
						TestTargetID = 2B667B912694B03100792451;
					};
				};
			};
			buildConfigurationList = 2B667B8D2694B03100792451 /* Build configuration list for PBXProject "parseExample" */;
			compatibilityVersion = "Xcode 9.3";
			developmentRegion = en;
			hasScannedForEncodings = 0;
			knownRegions = (
				en,
				Base,
			);
			mainGroup = 2B667B892694B03100792451;
			productRefGroup = 2B667B932694B03100792451 /* Products */;
			projectDirPath = "";
			projectRoot = "";
			targets = (
				2B667B912694B03100792451 /* parseExample */,
				2B667BAC2694B03300792451 /* parseExampleTests */,
				2B667BB72694B03300792451 /* parseExampleUITests */,
			);
		};
/* End PBXProject section */

/* Begin PBXResourcesBuildPhase section */
		2B667B902694B03100792451 /* Resources */ = {
			isa = PBXResourcesBuildPhase;
			buildActionMask = 2147483647;
			files = (
				2B667BA52694B03300792451 /* LaunchScreen.storyboard in Resources */,
				2B667BA22694B03300792451 /* Assets.xcassets in Resources */,
				2B667BA02694B03100792451 /* Main.storyboard in Resources */,
			);
			runOnlyForDeploymentPostprocessing = 0;
		};
		2B667BAB2694B03300792451 /* Resources */ = {
			isa = PBXResourcesBuildPhase;
			buildActionMask = 2147483647;
			files = (
			);
			runOnlyForDeploymentPostprocessing = 0;
		};
		2B667BB62694B03300792451 /* Resources */ = {
			isa = PBXResourcesBuildPhase;
			buildActionMask = 2147483647;
			files = (
			);
			runOnlyForDeploymentPostprocessing = 0;
		};
/* End PBXResourcesBuildPhase section */

/* Begin PBXShellScriptBuildPhase section */
		17EF849A0466634255888B18 /* [CP] Embed Pods Frameworks */ = {
			isa = PBXShellScriptBuildPhase;
			buildActionMask = 2147483647;
			files = (
			);
			inputFileListPaths = (
				"${PODS_ROOT}/Target Support Files/Pods-parseExample/Pods-parseExample-frameworks-${CONFIGURATION}-input-files.xcfilelist",
			);
			name = "[CP] Embed Pods Frameworks";
			outputFileListPaths = (
				"${PODS_ROOT}/Target Support Files/Pods-parseExample/Pods-parseExample-frameworks-${CONFIGURATION}-output-files.xcfilelist",
			);
			runOnlyForDeploymentPostprocessing = 0;
			shellPath = /bin/sh;
			shellScript = "\"${PODS_ROOT}/Target Support Files/Pods-parseExample/Pods-parseExample-frameworks.sh\"\n";
			showEnvVarsInLog = 0;
		};
		2CB75D4E47D74545CA111A89 /* [CP] Check Pods Manifest.lock */ = {
			isa = PBXShellScriptBuildPhase;
			buildActionMask = 2147483647;
			files = (
			);
			inputFileListPaths = (
			);
			inputPaths = (
				"${PODS_PODFILE_DIR_PATH}/Podfile.lock",
				"${PODS_ROOT}/Manifest.lock",
			);
			name = "[CP] Check Pods Manifest.lock";
			outputFileListPaths = (
			);
			outputPaths = (
				"$(DERIVED_FILE_DIR)/Pods-parseExampleTests-checkManifestLockResult.txt",
			);
			runOnlyForDeploymentPostprocessing = 0;
			shellPath = /bin/sh;
			shellScript = "diff \"${PODS_PODFILE_DIR_PATH}/Podfile.lock\" \"${PODS_ROOT}/Manifest.lock\" > /dev/null\nif [ $? != 0 ] ; then\n    # print error to STDERR\n    echo \"error: The sandbox is not in sync with the Podfile.lock. Run 'pod install' or update your CocoaPods installation.\" >&2\n    exit 1\nfi\n# This output is used by Xcode 'outputs' to avoid re-running this script phase.\necho \"SUCCESS\" > \"${SCRIPT_OUTPUT_FILE_0}\"\n";
			showEnvVarsInLog = 0;
		};
		6F4524CBCA50A97F9CAFB4EB /* [CP] Embed Pods Frameworks */ = {
			isa = PBXShellScriptBuildPhase;
			buildActionMask = 2147483647;
			files = (
			);
			inputFileListPaths = (
				"${PODS_ROOT}/Target Support Files/Pods-parseExample-parseExampleUITests/Pods-parseExample-parseExampleUITests-frameworks-${CONFIGURATION}-input-files.xcfilelist",
			);
			name = "[CP] Embed Pods Frameworks";
			outputFileListPaths = (
				"${PODS_ROOT}/Target Support Files/Pods-parseExample-parseExampleUITests/Pods-parseExample-parseExampleUITests-frameworks-${CONFIGURATION}-output-files.xcfilelist",
			);
			runOnlyForDeploymentPostprocessing = 0;
			shellPath = /bin/sh;
			shellScript = "\"${PODS_ROOT}/Target Support Files/Pods-parseExample-parseExampleUITests/Pods-parseExample-parseExampleUITests-frameworks.sh\"\n";
			showEnvVarsInLog = 0;
		};
		93B6246FB93AA87ED9B45187 /* [CP] Check Pods Manifest.lock */ = {
			isa = PBXShellScriptBuildPhase;
			buildActionMask = 2147483647;
			files = (
			);
			inputFileListPaths = (
			);
			inputPaths = (
				"${PODS_PODFILE_DIR_PATH}/Podfile.lock",
				"${PODS_ROOT}/Manifest.lock",
			);
			name = "[CP] Check Pods Manifest.lock";
			outputFileListPaths = (
			);
			outputPaths = (
				"$(DERIVED_FILE_DIR)/Pods-parseExample-checkManifestLockResult.txt",
			);
			runOnlyForDeploymentPostprocessing = 0;
			shellPath = /bin/sh;
			shellScript = "diff \"${PODS_PODFILE_DIR_PATH}/Podfile.lock\" \"${PODS_ROOT}/Manifest.lock\" > /dev/null\nif [ $? != 0 ] ; then\n    # print error to STDERR\n    echo \"error: The sandbox is not in sync with the Podfile.lock. Run 'pod install' or update your CocoaPods installation.\" >&2\n    exit 1\nfi\n# This output is used by Xcode 'outputs' to avoid re-running this script phase.\necho \"SUCCESS\" > \"${SCRIPT_OUTPUT_FILE_0}\"\n";
			showEnvVarsInLog = 0;
		};
		AED3BBD27EA5896DC1304CC4 /* [CP] Check Pods Manifest.lock */ = {
			isa = PBXShellScriptBuildPhase;
			buildActionMask = 2147483647;
			files = (
			);
			inputFileListPaths = (
			);
			inputPaths = (
				"${PODS_PODFILE_DIR_PATH}/Podfile.lock",
				"${PODS_ROOT}/Manifest.lock",
			);
			name = "[CP] Check Pods Manifest.lock";
			outputFileListPaths = (
			);
			outputPaths = (
				"$(DERIVED_FILE_DIR)/Pods-parseExample-parseExampleUITests-checkManifestLockResult.txt",
			);
			runOnlyForDeploymentPostprocessing = 0;
			shellPath = /bin/sh;
			shellScript = "diff \"${PODS_PODFILE_DIR_PATH}/Podfile.lock\" \"${PODS_ROOT}/Manifest.lock\" > /dev/null\nif [ $? != 0 ] ; then\n    # print error to STDERR\n    echo \"error: The sandbox is not in sync with the Podfile.lock. Run 'pod install' or update your CocoaPods installation.\" >&2\n    exit 1\nfi\n# This output is used by Xcode 'outputs' to avoid re-running this script phase.\necho \"SUCCESS\" > \"${SCRIPT_OUTPUT_FILE_0}\"\n";
			showEnvVarsInLog = 0;
		};
/* End PBXShellScriptBuildPhase section */

/* Begin PBXSourcesBuildPhase section */
		2B667B8E2694B03100792451 /* Sources */ = {
			isa = PBXSourcesBuildPhase;
			buildActionMask = 2147483647;
			files = (
				2B667B972694B03100792451 /* AppDelegate.m in Sources */,
				2B667BA82694B03300792451 /* main.m in Sources */,
				2B667BCF2694B90C00792451 /* ChatViewController.m in Sources */,
				2B667BD22694BD9600792451 /* ChatCell.m in Sources */,
				2B667B9A2694B03100792451 /* SceneDelegate.m in Sources */,
				2B667BCC2694B1CF00792451 /* LoginViewController.m in Sources */,
			);
			runOnlyForDeploymentPostprocessing = 0;
		};
		2B667BA92694B03300792451 /* Sources */ = {
			isa = PBXSourcesBuildPhase;
			buildActionMask = 2147483647;
			files = (
				2B667BB22694B03300792451 /* parseExampleTests.m in Sources */,
			);
			runOnlyForDeploymentPostprocessing = 0;
		};
		2B667BB42694B03300792451 /* Sources */ = {
			isa = PBXSourcesBuildPhase;
			buildActionMask = 2147483647;
			files = (
				2B667BBD2694B03300792451 /* parseExampleUITests.m in Sources */,
			);
			runOnlyForDeploymentPostprocessing = 0;
		};
/* End PBXSourcesBuildPhase section */

/* Begin PBXTargetDependency section */
		2B667BAF2694B03300792451 /* PBXTargetDependency */ = {
			isa = PBXTargetDependency;
			target = 2B667B912694B03100792451 /* parseExample */;
			targetProxy = 2B667BAE2694B03300792451 /* PBXContainerItemProxy */;
		};
		2B667BBA2694B03300792451 /* PBXTargetDependency */ = {
			isa = PBXTargetDependency;
			target = 2B667B912694B03100792451 /* parseExample */;
			targetProxy = 2B667BB92694B03300792451 /* PBXContainerItemProxy */;
		};
/* End PBXTargetDependency section */

/* Begin PBXVariantGroup section */
		2B667B9E2694B03100792451 /* Main.storyboard */ = {
			isa = PBXVariantGroup;
			children = (
				2B667B9F2694B03100792451 /* Base */,
			);
			name = Main.storyboard;
			sourceTree = "<group>";
		};
		2B667BA32694B03300792451 /* LaunchScreen.storyboard */ = {
			isa = PBXVariantGroup;
			children = (
				2B667BA42694B03300792451 /* Base */,
			);
			name = LaunchScreen.storyboard;
			sourceTree = "<group>";
		};
/* End PBXVariantGroup section */

/* Begin XCBuildConfiguration section */
		2B667BBF2694B03300792451 /* Debug */ = {
			isa = XCBuildConfiguration;
			buildSettings = {
				ALWAYS_SEARCH_USER_PATHS = NO;
				CLANG_ANALYZER_NONNULL = YES;
				CLANG_ANALYZER_NUMBER_OBJECT_CONVERSION = YES_AGGRESSIVE;
				CLANG_CXX_LANGUAGE_STANDARD = "gnu++14";
				CLANG_CXX_LIBRARY = "libc++";
				CLANG_ENABLE_MODULES = YES;
				CLANG_ENABLE_OBJC_ARC = YES;
				CLANG_ENABLE_OBJC_WEAK = YES;
				CLANG_WARN_BLOCK_CAPTURE_AUTORELEASING = YES;
				CLANG_WARN_BOOL_CONVERSION = YES;
				CLANG_WARN_COMMA = YES;
				CLANG_WARN_CONSTANT_CONVERSION = YES;
				CLANG_WARN_DEPRECATED_OBJC_IMPLEMENTATIONS = YES;
				CLANG_WARN_DIRECT_OBJC_ISA_USAGE = YES_ERROR;
				CLANG_WARN_DOCUMENTATION_COMMENTS = YES;
				CLANG_WARN_EMPTY_BODY = YES;
				CLANG_WARN_ENUM_CONVERSION = YES;
				CLANG_WARN_INFINITE_RECURSION = YES;
				CLANG_WARN_INT_CONVERSION = YES;
				CLANG_WARN_NON_LITERAL_NULL_CONVERSION = YES;
				CLANG_WARN_OBJC_IMPLICIT_RETAIN_SELF = YES;
				CLANG_WARN_OBJC_LITERAL_CONVERSION = YES;
				CLANG_WARN_OBJC_ROOT_CLASS = YES_ERROR;
				CLANG_WARN_QUOTED_INCLUDE_IN_FRAMEWORK_HEADER = YES;
				CLANG_WARN_RANGE_LOOP_ANALYSIS = YES;
				CLANG_WARN_STRICT_PROTOTYPES = YES;
				CLANG_WARN_SUSPICIOUS_MOVE = YES;
				CLANG_WARN_UNGUARDED_AVAILABILITY = YES_AGGRESSIVE;
				CLANG_WARN_UNREACHABLE_CODE = YES;
				CLANG_WARN__DUPLICATE_METHOD_MATCH = YES;
				COPY_PHASE_STRIP = NO;
				DEBUG_INFORMATION_FORMAT = dwarf;
				ENABLE_STRICT_OBJC_MSGSEND = YES;
				ENABLE_TESTABILITY = YES;
				GCC_C_LANGUAGE_STANDARD = gnu11;
				GCC_DYNAMIC_NO_PIC = NO;
				GCC_NO_COMMON_BLOCKS = YES;
				GCC_OPTIMIZATION_LEVEL = 0;
				GCC_PREPROCESSOR_DEFINITIONS = (
					"DEBUG=1",
					"$(inherited)",
				);
				GCC_WARN_64_TO_32_BIT_CONVERSION = YES;
				GCC_WARN_ABOUT_RETURN_TYPE = YES_ERROR;
				GCC_WARN_UNDECLARED_SELECTOR = YES;
				GCC_WARN_UNINITIALIZED_AUTOS = YES_AGGRESSIVE;
				GCC_WARN_UNUSED_FUNCTION = YES;
				GCC_WARN_UNUSED_VARIABLE = YES;
				IPHONEOS_DEPLOYMENT_TARGET = 14.5;
				MTL_ENABLE_DEBUG_INFO = INCLUDE_SOURCE;
				MTL_FAST_MATH = YES;
				ONLY_ACTIVE_ARCH = YES;
				SDKROOT = iphoneos;
			};
			name = Debug;
		};
		2B667BC02694B03300792451 /* Release */ = {
			isa = XCBuildConfiguration;
			buildSettings = {
				ALWAYS_SEARCH_USER_PATHS = NO;
				CLANG_ANALYZER_NONNULL = YES;
				CLANG_ANALYZER_NUMBER_OBJECT_CONVERSION = YES_AGGRESSIVE;
				CLANG_CXX_LANGUAGE_STANDARD = "gnu++14";
				CLANG_CXX_LIBRARY = "libc++";
				CLANG_ENABLE_MODULES = YES;
				CLANG_ENABLE_OBJC_ARC = YES;
				CLANG_ENABLE_OBJC_WEAK = YES;
				CLANG_WARN_BLOCK_CAPTURE_AUTORELEASING = YES;
				CLANG_WARN_BOOL_CONVERSION = YES;
				CLANG_WARN_COMMA = YES;
				CLANG_WARN_CONSTANT_CONVERSION = YES;
				CLANG_WARN_DEPRECATED_OBJC_IMPLEMENTATIONS = YES;
				CLANG_WARN_DIRECT_OBJC_ISA_USAGE = YES_ERROR;
				CLANG_WARN_DOCUMENTATION_COMMENTS = YES;
				CLANG_WARN_EMPTY_BODY = YES;
				CLANG_WARN_ENUM_CONVERSION = YES;
				CLANG_WARN_INFINITE_RECURSION = YES;
				CLANG_WARN_INT_CONVERSION = YES;
				CLANG_WARN_NON_LITERAL_NULL_CONVERSION = YES;
				CLANG_WARN_OBJC_IMPLICIT_RETAIN_SELF = YES;
				CLANG_WARN_OBJC_LITERAL_CONVERSION = YES;
				CLANG_WARN_OBJC_ROOT_CLASS = YES_ERROR;
				CLANG_WARN_QUOTED_INCLUDE_IN_FRAMEWORK_HEADER = YES;
				CLANG_WARN_RANGE_LOOP_ANALYSIS = YES;
				CLANG_WARN_STRICT_PROTOTYPES = YES;
				CLANG_WARN_SUSPICIOUS_MOVE = YES;
				CLANG_WARN_UNGUARDED_AVAILABILITY = YES_AGGRESSIVE;
				CLANG_WARN_UNREACHABLE_CODE = YES;
				CLANG_WARN__DUPLICATE_METHOD_MATCH = YES;
				COPY_PHASE_STRIP = NO;
				DEBUG_INFORMATION_FORMAT = "dwarf-with-dsym";
				ENABLE_NS_ASSERTIONS = NO;
				ENABLE_STRICT_OBJC_MSGSEND = YES;
				GCC_C_LANGUAGE_STANDARD = gnu11;
				GCC_NO_COMMON_BLOCKS = YES;
				GCC_WARN_64_TO_32_BIT_CONVERSION = YES;
				GCC_WARN_ABOUT_RETURN_TYPE = YES_ERROR;
				GCC_WARN_UNDECLARED_SELECTOR = YES;
				GCC_WARN_UNINITIALIZED_AUTOS = YES_AGGRESSIVE;
				GCC_WARN_UNUSED_FUNCTION = YES;
				GCC_WARN_UNUSED_VARIABLE = YES;
				IPHONEOS_DEPLOYMENT_TARGET = 14.5;
				MTL_ENABLE_DEBUG_INFO = NO;
				MTL_FAST_MATH = YES;
				SDKROOT = iphoneos;
				VALIDATE_PRODUCT = YES;
			};
			name = Release;
		};
		2B667BC22694B03300792451 /* Debug */ = {
			isa = XCBuildConfiguration;
			baseConfigurationReference = 64BE0AA7A2AAB7E91B8C6ACF /* Pods-parseExample.debug.xcconfig */;
			buildSettings = {
				ASSETCATALOG_COMPILER_APPICON_NAME = AppIcon;
				ASSETCATALOG_COMPILER_GLOBAL_ACCENT_COLOR_NAME = AccentColor;
				CODE_SIGN_STYLE = Automatic;
				DEVELOPMENT_TEAM = 9A5V9D5GG9;
				INFOPLIST_FILE = parseExample/Info.plist;
				LD_RUNPATH_SEARCH_PATHS = (
					"$(inherited)",
					"@executable_path/Frameworks",
				);
				PRODUCT_BUNDLE_IDENTIFIER = com.gbanuel.parseExample;
				PRODUCT_NAME = "$(TARGET_NAME)";
				TARGETED_DEVICE_FAMILY = "1,2";
			};
			name = Debug;
		};
		2B667BC32694B03300792451 /* Release */ = {
			isa = XCBuildConfiguration;
			baseConfigurationReference = F3F76D61C3C52F54F99FC520 /* Pods-parseExample.release.xcconfig */;
			buildSettings = {
				ASSETCATALOG_COMPILER_APPICON_NAME = AppIcon;
				ASSETCATALOG_COMPILER_GLOBAL_ACCENT_COLOR_NAME = AccentColor;
				CODE_SIGN_STYLE = Automatic;
				DEVELOPMENT_TEAM = 9A5V9D5GG9;
				INFOPLIST_FILE = parseExample/Info.plist;
				LD_RUNPATH_SEARCH_PATHS = (
					"$(inherited)",
					"@executable_path/Frameworks",
				);
				PRODUCT_BUNDLE_IDENTIFIER = com.gbanuel.parseExample;
				PRODUCT_NAME = "$(TARGET_NAME)";
				TARGETED_DEVICE_FAMILY = "1,2";
			};
			name = Release;
		};
		2B667BC52694B03300792451 /* Debug */ = {
			isa = XCBuildConfiguration;
			baseConfigurationReference = F3457A76A3D697A866C12293 /* Pods-parseExampleTests.debug.xcconfig */;
			buildSettings = {
				BUNDLE_LOADER = "$(TEST_HOST)";
				CODE_SIGN_STYLE = Automatic;
				DEVELOPMENT_TEAM = 9A5V9D5GG9;
				INFOPLIST_FILE = parseExampleTests/Info.plist;
				IPHONEOS_DEPLOYMENT_TARGET = 14.5;
				LD_RUNPATH_SEARCH_PATHS = (
					"$(inherited)",
					"@executable_path/Frameworks",
					"@loader_path/Frameworks",
				);
				PRODUCT_BUNDLE_IDENTIFIER = com.gbanuel.parseExampleTests;
				PRODUCT_NAME = "$(TARGET_NAME)";
				TARGETED_DEVICE_FAMILY = "1,2";
				TEST_HOST = "$(BUILT_PRODUCTS_DIR)/parseExample.app/parseExample";
			};
			name = Debug;
		};
		2B667BC62694B03300792451 /* Release */ = {
			isa = XCBuildConfiguration;
			baseConfigurationReference = 8523BA91B81DAD8FE635CF3E /* Pods-parseExampleTests.release.xcconfig */;
			buildSettings = {
				BUNDLE_LOADER = "$(TEST_HOST)";
				CODE_SIGN_STYLE = Automatic;
				DEVELOPMENT_TEAM = 9A5V9D5GG9;
				INFOPLIST_FILE = parseExampleTests/Info.plist;
				IPHONEOS_DEPLOYMENT_TARGET = 14.5;
				LD_RUNPATH_SEARCH_PATHS = (
					"$(inherited)",
					"@executable_path/Frameworks",
					"@loader_path/Frameworks",
				);
				PRODUCT_BUNDLE_IDENTIFIER = com.gbanuel.parseExampleTests;
				PRODUCT_NAME = "$(TARGET_NAME)";
				TARGETED_DEVICE_FAMILY = "1,2";
				TEST_HOST = "$(BUILT_PRODUCTS_DIR)/parseExample.app/parseExample";
			};
			name = Release;
		};
		2B667BC82694B03300792451 /* Debug */ = {
			isa = XCBuildConfiguration;
			baseConfigurationReference = FA0F79D82B9BFF23F9592F87 /* Pods-parseExample-parseExampleUITests.debug.xcconfig */;
			buildSettings = {
				CODE_SIGN_STYLE = Automatic;
				DEVELOPMENT_TEAM = 9A5V9D5GG9;
				INFOPLIST_FILE = parseExampleUITests/Info.plist;
				LD_RUNPATH_SEARCH_PATHS = (
					"$(inherited)",
					"@executable_path/Frameworks",
					"@loader_path/Frameworks",
				);
				PRODUCT_BUNDLE_IDENTIFIER = com.gbanuel.parseExampleUITests;
				PRODUCT_NAME = "$(TARGET_NAME)";
				TARGETED_DEVICE_FAMILY = "1,2";
				TEST_TARGET_NAME = parseExample;
			};
			name = Debug;
		};
		2B667BC92694B03300792451 /* Release */ = {
			isa = XCBuildConfiguration;
			baseConfigurationReference = 2AF5992B673F2C30AEF8EE5A /* Pods-parseExample-parseExampleUITests.release.xcconfig */;
			buildSettings = {
				CODE_SIGN_STYLE = Automatic;
				DEVELOPMENT_TEAM = 9A5V9D5GG9;
				INFOPLIST_FILE = parseExampleUITests/Info.plist;
				LD_RUNPATH_SEARCH_PATHS = (
					"$(inherited)",
					"@executable_path/Frameworks",
					"@loader_path/Frameworks",
				);
				PRODUCT_BUNDLE_IDENTIFIER = com.gbanuel.parseExampleUITests;
				PRODUCT_NAME = "$(TARGET_NAME)";
				TARGETED_DEVICE_FAMILY = "1,2";
				TEST_TARGET_NAME = parseExample;
			};
			name = Release;
		};
/* End XCBuildConfiguration section */

/* Begin XCConfigurationList section */
		2B667B8D2694B03100792451 /* Build configuration list for PBXProject "parseExample" */ = {
			isa = XCConfigurationList;
			buildConfigurations = (
				2B667BBF2694B03300792451 /* Debug */,
				2B667BC02694B03300792451 /* Release */,
			);
			defaultConfigurationIsVisible = 0;
			defaultConfigurationName = Release;
		};
		2B667BC12694B03300792451 /* Build configuration list for PBXNativeTarget "parseExample" */ = {
			isa = XCConfigurationList;
			buildConfigurations = (
				2B667BC22694B03300792451 /* Debug */,
				2B667BC32694B03300792451 /* Release */,
			);
			defaultConfigurationIsVisible = 0;
			defaultConfigurationName = Release;
		};
		2B667BC42694B03300792451 /* Build configuration list for PBXNativeTarget "parseExampleTests" */ = {
			isa = XCConfigurationList;
			buildConfigurations = (
				2B667BC52694B03300792451 /* Debug */,
				2B667BC62694B03300792451 /* Release */,
			);
			defaultConfigurationIsVisible = 0;
			defaultConfigurationName = Release;
		};
		2B667BC72694B03300792451 /* Build configuration list for PBXNativeTarget "parseExampleUITests" */ = {
			isa = XCConfigurationList;
			buildConfigurations = (
				2B667BC82694B03300792451 /* Debug */,
				2B667BC92694B03300792451 /* Release */,
			);
			defaultConfigurationIsVisible = 0;
			defaultConfigurationName = Release;
		};
/* End XCConfigurationList section */
	};
	rootObject = 2B667B8A2694B03100792451 /* Project object */;
}
